{
  "version": "3",
  "packages": {
    "specifiers": {
      "jsr:@std/assert": "jsr:@std/assert@1.0.9",
      "jsr:@std/internal@^1.0.5": "jsr:@std/internal@1.0.5",
      "npm:js-sha3": "npm:js-sha3@0.9.3"
    },
    "jsr": {
      "@std/assert@1.0.9": {
        "integrity": "a9f0c611a869cc791b26f523eec54c7e187aab7932c2c8e8bea0622d13680dcd",
        "dependencies": [
          "jsr:@std/internal@^1.0.5"
        ]
      },
      "@std/internal@1.0.5": {
        "integrity": "54a546004f769c1ac9e025abd15a76b6671ddc9687e2313b67376125650dc7ba"
      }
    },
    "npm": {
      "js-sha3@0.9.3": {
        "integrity": "sha512-BcJPCQeLg6WjEx3FE591wVAevlli8lxsxm9/FzV4HXkV49TmBH38Yvrpce6fjbADGMKFrBMGTqrVz3qPIZ88Gg==",
        "dependencies": {}
      }
    }
  },
  "remote": {
    "https://raw.githubusercontent.com/cryptix/cbor-x/sort-maps/decode.js": "c002b5c7abd716e6d57fe1127c674cc72a7cffc781ca20970db699e9a2bf7f38",
    "https://raw.githubusercontent.com/cryptix/cbor-x/sort-maps/encode.js": "b9f709bc9c6379040f25d4613af6a62c0c9294ffb45ed6994fd0e61851256f8d",
    "https://raw.githubusercontent.com/cryptix/cbor-x/sort-maps/index.js": "0f2b4bad3617f78ac582a0d62cb86a476dfb4ae36d772d89a36c237e5a18b17b",
    "https://raw.githubusercontent.com/cryptix/cbor-x/sort-maps/iterators.js": "744e0469fe37c33bab3787608ced2f2cda014cb9352b3adbd949a2701f043aea"
  }
}
